# This file is generated by running "yarn install" inside your project.
# Manual changes might be lost - proceed with caution!

__metadata:
  version: 6

"@communitiesuk/designer@workspace:designer":
  version: 0.0.0-use.local
  resolution: "@communitiesuk/designer@workspace:designer"
  languageName: unknown
  linkType: soft

"@communitiesuk/model@workspace:model":
  version: 0.0.0-use.local
  resolution: "@communitiesuk/model@workspace:model"
  languageName: unknown
  linkType: soft

"@communitiesuk/runner@workspace:runner":
  version: 0.0.0-use.local
  resolution: "@communitiesuk/runner@workspace:runner"
  languageName: unknown
  linkType: soft

"digital-form-builder-dluhc-adapter@workspace:.":
  version: 0.0.0-use.local
  resolution: "digital-form-builder-dluhc-adapter@workspace:."
  languageName: unknown
  linkType: soft
